
Microsoft Visual Studio Solution File, Format Version 12.00
# Visual Studio Version 17
VisualStudioVersion = 17.10.34607.79
MinimumVisualStudioVersion = 10.0.40219.1
Project("{9A19103F-16F7-4668-BE54-9A1E7A4F7556}") = "WASA-API", "WASA-API.csproj", "{8B6A7CAB-DC11-42B1-94B5-6DCBFD2AB193}"
EndProject
Global
	GlobalSection(SolutionConfigurationPlatforms) = preSolution
		Debug|Any CPU = Debug|Any CPU
		Release|Any CPU = Release|Any CPU
	EndGlobalSection
	GlobalSection(ProjectConfigurationPlatforms) = postSolution
		{8B6A7CAB-DC11-42B1-94B5-6DCBFD2AB193}.Debug|Any CPU.ActiveCfg = Debug|Any CPU
		{8B6A7CAB-DC11-42B1-94B5-6DCBFD2AB193}.Debug|Any CPU.Build.0 = Debug|Any CPU
		{8B6A7CAB-DC11-42B1-94B5-6DCBFD2AB193}.Release|Any CPU.ActiveCfg = Release|Any CPU
		{8B6A7CAB-DC11-42B1-94B5-6DCBFD2AB193}.Release|Any CPU.Build.0 = Release|Any CPU
	EndGlobalSection
	GlobalSection(SolutionProperties) = preSolution
		HideSolutionNode = FALSE
	EndGlobalSection
	GlobalSection(ExtensibilityGlobals) = postSolution
		SolutionGuid = {06E5C38B-C5BB-4363-B506-1902E430C500}
	EndGlobalSection
EndGlobal
